
Microsoft Visual Studio Solution File, Format Version 12.00
# Visual Studio 15
VisualStudioVersion = 15.0.27130.2036
MinimumVisualStudioVersion = 10.0.40219.1
Project("{FAE04EC0-301F-11D3-BF4B-00C04F79EFBC}") = "Word Frequency Counter", "Word Frequency Counter\Word Frequency Counter.csproj", "{93BCEF8A-3E83-4C48-8BBF-DDFDE724A4B2}"
EndProject
Global
	GlobalSection(SolutionConfigurationPlatforms) = preSolution
		Debug|Any CPU = Debug|Any CPU
		Release|Any CPU = Release|Any CPU
	EndGlobalSection
	GlobalSection(ProjectConfigurationPlatforms) = postSolution
		{93BCEF8A-3E83-4C48-8BBF-DDFDE724A4B2}.Debug|Any CPU.ActiveCfg = Debug|Any CPU
		{93BCEF8A-3E83-4C48-8BBF-DDFDE724A4B2}.Debug|Any CPU.Build.0 = Debug|Any CPU
		{93BCEF8A-3E83-4C48-8BBF-DDFDE724A4B2}.Release|Any CPU.ActiveCfg = Release|Any CPU
		{93BCEF8A-3E83-4C48-8BBF-DDFDE724A4B2}.Release|Any CPU.Build.0 = Release|Any CPU
	EndGlobalSection
	GlobalSection(SolutionProperties) = preSolution
		HideSolutionNode = FALSE
	EndGlobalSection
	GlobalSection(ExtensibilityGlobals) = postSolution
		SolutionGuid = {24BB8FCF-8292-4FFE-A926-E3E7902170B1}
	EndGlobalSection
EndGlobal
